{
  "lockfileVersion": 1,
  "workspaces": {
    "": {
      "name": "manle-admin",
      "dependencies": {
        "@tiptap/react": "^3.23.5",
        "@tiptap/starter-kit": "^3.23.5",
        "@vitejs/plugin-react": "^6.0.2",
        "react": "^19.0.0",
        "react-dom": "^19.0.0",
        "typescript": "^6.0.3",
        "vite": "^8.0.13",
      },
      "devDependencies": {
        "@types/react": "^19.0.0",
        "@types/react-dom": "^19.0.0",
      },
    },
  },
  "packages": {
    "@emnapi/core": ["@emnapi/core@1.10.0", "", { "dependencies": { "@emnapi/wasi-threads": "1.2.1", "tslib": "^2.4.0" } }, "sha512-yq6OkJ4p82CAfPl0u9mQebQHKPJkY7WrIuk205cTYnYe+k2Z8YBh11FrbRG/H6ihirqcacOgl2BIO8oyMQLeXw=="],

    "@emnapi/runtime": ["@emnapi/runtime@1.10.0", "", { "dependencies": { "tslib": "^2.4.0" } }, "sha512-ewvYlk86xUoGI0zQRNq/mC+16R1QeDlKQy21Ki3oSYXNgLb45GV1P6A0M+/s6nyCuNDqe5VpaY84BzXGwVbwFA=="],

    "@emnapi/wasi-threads": ["@emnapi/wasi-threads@1.2.1", "", { "dependencies": { "tslib": "^2.4.0" } }, "sha512-uTII7OYF+/Mes/MrcIOYp5yOtSMLBWSIoLPpcgwipoiKbli6k322tcoFsxoIIxPDqW01SQGAgko4EzZi2BNv2w=="],

    "@floating-ui/core": ["@floating-ui/core@1.7.5", "", { "dependencies": { "@floating-ui/utils": "^0.2.11" } }, "sha512-1Ih4WTWyw0+lKyFMcBHGbb5U5FtuHJuujoyyr5zTaWS5EYMeT6Jb2AuDeftsCsEuchO+mM2ij5+q9crhydzLhQ=="],

    "@floating-ui/dom": ["@floating-ui/dom@1.7.6", "", { "dependencies": { "@floating-ui/core": "^1.7.5", "@floating-ui/utils": "^0.2.11" } }, "sha512-9gZSAI5XM36880PPMm//9dfiEngYoC6Am2izES1FF406YFsjvyBMmeJ2g4SAju3xWwtuynNRFL2s9hgxpLI5SQ=="],

    "@floating-ui/utils": ["@floating-ui/utils@0.2.11", "", {}, "sha512-RiB/yIh78pcIxl6lLMG0CgBXAZ2Y0eVHqMPYugu+9U0AeT6YBeiJpf7lbdJNIugFP5SIjwNRgo4DhR1Qxi26Gg=="],

    "@napi-rs/wasm-runtime": ["@napi-rs/wasm-runtime@1.1.4", "", { "dependencies": { "@tybys/wasm-util": "^0.10.1" }, "peerDependencies": { "@emnapi/core": "^1.7.1", "@emnapi/runtime": "^1.7.1" } }, "sha512-3NQNNgA1YSlJb/kMH1ildASP9HW7/7kYnRI2szWJaofaS1hWmbGI4H+d3+22aGzXXN9IJ+n+GiFVcGipJP18ow=="],

    "@oxc-project/types": ["@oxc-project/types@0.130.0", "", {}, "sha512-ibD2usx9JRu7f5pu2tMKMI4cpA4NgXJQoYRP4pQ7Pxmn1l6k/53qWtQWZayhYy3X4QZkt90Ot+mJEaeXouio6Q=="],

    "@rolldown/binding-android-arm64": ["@rolldown/binding-android-arm64@1.0.1", "", { "os": "android", "cpu": "arm64" }, "sha512-fJI3I0r3C3Oj/zdBCpaCmBRZYf07xpaq4yCfDDoSFm+beWNzbIl26puW8RraUdugoJw/95zerNOn6jasAhzSmg=="],

    "@rolldown/binding-darwin-arm64": ["@rolldown/binding-darwin-arm64@1.0.1", "", { "os": "darwin", "cpu": "arm64" }, "sha512-cKnAhWEsV7TPcA/5EAteDp6KcJZBQ2G+BqE7zayMMi7kMvwRsbv7WT9aOnn0WNl4SKEIf43vjS31iUPu80nzXg=="],

    "@rolldown/binding-darwin-x64": ["@rolldown/binding-darwin-x64@1.0.1", "", { "os": "darwin", "cpu": "x64" }, "sha512-YKrVwQjIRBPo+5G/u03wGjbdy4q7pyzCe93DK9VJ7zkVmeg8LJ7GbgsiHWdR4xSoe4CAXRD7Bcjgbtr64bkXNg=="],

    "@rolldown/binding-freebsd-x64": ["@rolldown/binding-freebsd-x64@1.0.1", "", { "os": "freebsd", "cpu": "x64" }, "sha512-z/oBsREo46SsFqBwYtFe0kpJeBijAT48O/WXLI4suiCLBkr03RTtTJMCzSdDd2znlh8VJizL09XVkQgk8IZonw=="],

    "@rolldown/binding-linux-arm-gnueabihf": ["@rolldown/binding-linux-arm-gnueabihf@1.0.1", "", { "os": "linux", "cpu": "arm" }, "sha512-ik8q7GM11zxvYxFc2PeDcT6TBvhCQMaUxfph/M5l9sKuTs/Sjg3L+Byw0F7w0ZVLBZmx30P+gG0ECzzN+MFcmQ=="],

    "@rolldown/binding-linux-arm64-gnu": ["@rolldown/binding-linux-arm64-gnu@1.0.1", "", { "os": "linux", "cpu": "arm64" }, "sha512-QoSx2EkyrrdZ6kcyE8stqZ62t0Yra8Fs5ia9lOxJrh6TMQJK7gQKmscdTHf7pOXKREKrVwOtJcQG3qVSfc866A=="],

    "@rolldown/binding-linux-arm64-musl": ["@rolldown/binding-linux-arm64-musl@1.0.1", "", { "os": "linux", "cpu": "arm64" }, "sha512-uwNwFpwKeNiZawfAWBgg0VIztPTV3ihhh1vV334h9ivnNLorxnQMU6Fz8wG1Zb4Qh9LC1/MkcyT3YlDXG3Rsgg=="],

    "@rolldown/binding-linux-ppc64-gnu": ["@rolldown/binding-linux-ppc64-gnu@1.0.1", "", { "os": "linux", "cpu": "ppc64" }, "sha512-zY1bul7OWr7DFBiJ++wofXvnr8B45ce3QsQUhKrIhXsygAh7bTkwyeM1bi1a2g5C/yC/N8TZyGDEoMfm/l9mpg=="],

    "@rolldown/binding-linux-s390x-gnu": ["@rolldown/binding-linux-s390x-gnu@1.0.1", "", { "os": "linux", "cpu": "s390x" }, "sha512-0frlsT/f4Ft6I7SMESTKnF3cZsdicQn1dCMkF/jT9wDLE+gGoiQfv1nmT9e+s7s/fekvvy6tZM2jHvI2tkbJDQ=="],

    "@rolldown/binding-linux-x64-gnu": ["@rolldown/binding-linux-x64-gnu@1.0.1", "", { "os": "linux", "cpu": "x64" }, "sha512-XABVmGp9Tg0WspTVvwduTc4fpqy6JnAUrSQe6OuyqD/03nI7r0O9OWUkMIwFrjKAIqolvqoA4ZrJppgwE0Gxmw=="],

    "@rolldown/binding-linux-x64-musl": ["@rolldown/binding-linux-x64-musl@1.0.1", "", { "os": "linux", "cpu": "x64" }, "sha512-bV4fzswuzVcKD90o/VM6QqKxnxlDq0g2BISDLNVmxrnhpv1DDbyPhCIjYfvzYLV+MvkKKnQt2Q6AO86SEBULUQ=="],

    "@rolldown/binding-openharmony-arm64": ["@rolldown/binding-openharmony-arm64@1.0.1", "", { "os": "none", "cpu": "arm64" }, "sha512-/Mh0Zhq3OP7fVs0kcQHZP6lZEthMGTaSf8UBQYSFEZDWGXXlEC+nJ6EqenaK2t4LBXMe3A+K/G2BVXXdtOr4PQ=="],

    "@rolldown/binding-wasm32-wasi": ["@rolldown/binding-wasm32-wasi@1.0.1", "", { "dependencies": { "@emnapi/core": "1.10.0", "@emnapi/runtime": "1.10.0", "@napi-rs/wasm-runtime": "^1.1.4" }, "cpu": "none" }, "sha512-+1xc9X45l8ufsBAm6Gjvx2qDRIY9lTVt0cgWNcJ+1gdhXvkbxePA60yRTwSTuXL09CMhyJmjpV7E3NoyxbqFQQ=="],

    "@rolldown/binding-win32-arm64-msvc": ["@rolldown/binding-win32-arm64-msvc@1.0.1", "", { "os": "win32", "cpu": "arm64" }, "sha512-1D+UqZdfnuR+Jy1GgMJwi85bD40H21uNmOPRWQhw4oRSuolZ/B5rixZ45DK2KXOTCvmVCecauWgEhbw8bI7tOw=="],

    "@rolldown/binding-win32-x64-msvc": ["@rolldown/binding-win32-x64-msvc@1.0.1", "", { "os": "win32", "cpu": "x64" }, "sha512-INAycaWuhlOK3wk4mRHGsdgwYWmd9cChdPdE9bwWmy6rn9VqVNYNFGhOdXrofXUxwHIncSiPNb8tNm8knDVIeQ=="],

    "@rolldown/pluginutils": ["@rolldown/pluginutils@1.0.1", "", {}, "sha512-2j9bGt5Jh8hj+vPtgzPtl72j0yRxHAyumoo6TNfAjsLB04UtpSvPbPcDcBMxz7n+9CYB0c1GxQFxYRg2jimqGw=="],

    "@tiptap/core": ["@tiptap/core@3.23.5", "", { "peerDependencies": { "@tiptap/pm": "3.23.5" } }, "sha512-657Xqcgf1IYWLkAmRDJKNSGdoS1AHJEgK6zHWHFJERQGIqHnwC7Fz7nvWs/NQhQVBkclQd0ERRdTCZ3XwRc1+g=="],

    "@tiptap/extension-blockquote": ["@tiptap/extension-blockquote@3.23.5", "", { "peerDependencies": { "@tiptap/core": "3.23.5" } }, "sha512-PBQRoGfSWfIY7HmGbS5PTHEBQl5nKbild5J5phPLFF+O3aOBQ0d49AC9cxbaou/6FRCtq6g4Uqse9rRTKJRM0w=="],

    "@tiptap/extension-bold": ["@tiptap/extension-bold@3.23.5", "", { "peerDependencies": { "@tiptap/core": "3.23.5" } }, "sha512-DZsDCCf53fA9HmsFzfUHl5jLOwDYf+XzfP+QJjJ4cK23SsxDirameTjgnwi4l1EgEPLWunMZQjU+wHmh7vvX6Q=="],

    "@tiptap/extension-bubble-menu": ["@tiptap/extension-bubble-menu@3.23.5", "", { "dependencies": { "@floating-ui/dom": "^1.0.0" }, "peerDependencies": { "@tiptap/core": "3.23.5", "@tiptap/pm": "3.23.5" } }, "sha512-otcGwyVO6OfxdDPnbooZxYGrb+6q5WYmS+g2V+XGGNRn5oJgyY5pW0dqELIUJ66dosIIXXPyw2XqBDpMMY2kyQ=="],

    "@tiptap/extension-bullet-list": ["@tiptap/extension-bullet-list@3.23.5", "", { "peerDependencies": { "@tiptap/extension-list": "3.23.5" } }, "sha512-o0bzZbFvOPhPX6+RAhIFPKMIN3jIenY6Ib3FJ6ZqxTdVcjuV2mIXUmJU0uV2BwKtz73GmKSRKRKia6KJ0ml8qA=="],

    "@tiptap/extension-code": ["@tiptap/extension-code@3.23.5", "", { "peerDependencies": { "@tiptap/core": "3.23.5" } }, "sha512-NOJUD2Z0hrtBWnovXiiH1XtOjEQePOfIG3bNJgXSs1bWxPVhqp6KjVd8mUJNra974hxbml3tC97sL9QqjpAWFg=="],

    "@tiptap/extension-code-block": ["@tiptap/extension-code-block@3.23.5", "", { "peerDependencies": { "@tiptap/core": "3.23.5", "@tiptap/pm": "3.23.5" } }, "sha512-P2XH8WPM4UahavcWoQgAwNAKQCbF/JWi6ZqgsQmVBfAqQ3mf8gMxB7HnciMq1DlyI9EfjXoJH11yUqldF/6AaQ=="],

    "@tiptap/extension-document": ["@tiptap/extension-document@3.23.5", "", { "peerDependencies": { "@tiptap/core": "3.23.5" } }, "sha512-Y7uPjEM1xIK4Spcdk/kp/vZ/Az3cEaglTCk6uHrWvNFVglEoGehNb6IQbQFZW0wjE19YoMIiLBLtG6V9dqrpBw=="],

    "@tiptap/extension-dropcursor": ["@tiptap/extension-dropcursor@3.23.5", "", { "peerDependencies": { "@tiptap/extensions": "3.23.5" } }, "sha512-l72R798Q69D6f89Vp9xreoRnPcpK0LHPKLZIc6pvqBC2iOjx5wLKtW0uP1uqVWdQtvF5AUYBRNIGAQ5Gel9XEg=="],

    "@tiptap/extension-floating-menu": ["@tiptap/extension-floating-menu@3.23.5", "", { "peerDependencies": { "@floating-ui/dom": "^1.0.0", "@tiptap/core": "3.23.5", "@tiptap/pm": "3.23.5" } }, "sha512-kP0bZKH/lxNogfvoIy/YJZ5gkty0OwqFVtQUwoc85vXYUfvy5Jh1VdO053tCE1iDzmvOITUpcb+MdWryP8dBxA=="],

    "@tiptap/extension-gapcursor": ["@tiptap/extension-gapcursor@3.23.5", "", { "peerDependencies": { "@tiptap/extensions": "3.23.5" } }, "sha512-x9XlYG26TowX0Ly1w0ZV2D8qliyQy9fTmMY4suI6B/6o6m/sXHGTAJMmJqwP66sZKF6cMLU3HECumhtyQxPT2g=="],

    "@tiptap/extension-hard-break": ["@tiptap/extension-hard-break@3.23.5", "", { "peerDependencies": { "@tiptap/core": "3.23.5" } }, "sha512-j/BDBMOA1mA+RhCx622SRPBhpp2XWNFYz9asbg8T3yk8v9WI3Vjo6IDlfTp6fwsR2LGE7Pek3R0xDAjW6yVG3g=="],

    "@tiptap/extension-heading": ["@tiptap/extension-heading@3.23.5", "", { "peerDependencies": { "@tiptap/core": "3.23.5" } }, "sha512-tFI+iYk34geacVOGqYgyoC8siQjdGn605XaYSZcGRFF8NY+HrGlLkQi2QRRCeLaUhxoctONmWc8USn3H5U7wLQ=="],

    "@tiptap/extension-horizontal-rule": ["@tiptap/extension-horizontal-rule@3.23.5", "", { "peerDependencies": { "@tiptap/core": "3.23.5", "@tiptap/pm": "3.23.5" } }, "sha512-9XkRYc4XE0stERZB3y8bsJd32Jw9UZfMwZXo1GLNYRHFr7dmhSGUj0IzgofqOVmLDcOMW6XcCk54TBYw6BCrWA=="],

    "@tiptap/extension-italic": ["@tiptap/extension-italic@3.23.5", "", { "peerDependencies": { "@tiptap/core": "3.23.5" } }, "sha512-XjRSPr6j4mz+8O5j5KNfxVb+1fGNt0wr+js6MLxxGdU7M+PoDPdVY6fARbmBazv4ERlZ5PNS9m35Vo5xDjDfrg=="],

    "@tiptap/extension-link": ["@tiptap/extension-link@3.23.5", "", { "dependencies": { "linkifyjs": "^4.3.3" }, "peerDependencies": { "@tiptap/core": "3.23.5", "@tiptap/pm": "3.23.5" } }, "sha512-FEI58NAPnauBbs4nw1dkgRyEhcWnure0vIlStfQoQGXxj3xSRvxKH2lOkz54fGzuzRJAoudyLU65HW6D7kc+8Q=="],

    "@tiptap/extension-list": ["@tiptap/extension-list@3.23.5", "", { "peerDependencies": { "@tiptap/core": "3.23.5", "@tiptap/pm": "3.23.5" } }, "sha512-nzZXpVwnyKwTj4TVyPyu1bCUFjJCsaXnhAthmvJDnX3RBtemNG9Ka07xGR2NIspzumSbQSMFtDxjmxv3W5dEtg=="],

    "@tiptap/extension-list-item": ["@tiptap/extension-list-item@3.23.5", "", { "peerDependencies": { "@tiptap/extension-list": "3.23.5" } }, "sha512-l7Hb4rfNIkO6JrNJYkdXap6QYXCz4XeeFmI1bfQgEiwPGs+RAn/+0cOdg7q+6MmtZFac5uSXV0PftPk6A0GsEA=="],

    "@tiptap/extension-list-keymap": ["@tiptap/extension-list-keymap@3.23.5", "", { "peerDependencies": { "@tiptap/extension-list": "3.23.5" } }, "sha512-Hz8jRA51VSiHezEkwqwaMYbTEYcR/5Aq3UgCgDlNPlE6k1OZrvRtV/4s3AOO0RRgzyVLKv7yv7KuOJN/OLGErw=="],

    "@tiptap/extension-ordered-list": ["@tiptap/extension-ordered-list@3.23.5", "", { "peerDependencies": { "@tiptap/extension-list": "3.23.5" } }, "sha512-qQeU71ij0cAAD9bbGqot5T5bpR3dysgQ+W67quRs6VDyusU89EYaJHKn/qWU6a1XOEQ4sL+5GNw52FYQVHUxbA=="],

    "@tiptap/extension-paragraph": ["@tiptap/extension-paragraph@3.23.5", "", { "peerDependencies": { "@tiptap/core": "3.23.5" } }, "sha512-LtgMcR1rvWnZDtphFJ/LBltlC0+6HGA07k7vhy+U7P/zIg/V3Fb4RD6YDuAo0cPfBsLm8p1WYJV92WpAsGgtlg=="],

    "@tiptap/extension-strike": ["@tiptap/extension-strike@3.23.5", "", { "peerDependencies": { "@tiptap/core": "3.23.5" } }, "sha512-PMB9lpQGOJGuRTIS9rBw8UZtHQwmsiJbWKjcBr5z20MluaJQ3ZCHFhDYG6ncIDRz+0ny4ZvoJ7cKGpI+NTvXMA=="],

    "@tiptap/extension-text": ["@tiptap/extension-text@3.23.5", "", { "peerDependencies": { "@tiptap/core": "3.23.5" } }, "sha512-GLa+AaA2NC5XYRZad/Qq/oH5Pa95s+uA17J7+RCkF8j1RNREUBkYQ5CD5MT8kT+D3DHgU8MRyYdTd28I46HBDQ=="],

    "@tiptap/extension-underline": ["@tiptap/extension-underline@3.23.5", "", { "peerDependencies": { "@tiptap/core": "3.23.5" } }, "sha512-fyxthzE6CNCi9a9OVAwXs1sSyJ7jlrzT3aP2KhYLQCsJABHaPJgJA7k52/CRuKqCW3WbxU1ULH9LGuGtBbhEyw=="],

    "@tiptap/extensions": ["@tiptap/extensions@3.23.5", "", { "peerDependencies": { "@tiptap/core": "3.23.5", "@tiptap/pm": "3.23.5" } }, "sha512-ROcdNPV+buzldEFKvD3o29P7H7zpAf2lnLfndO2LHSToWyHw4hlzVPCeAU8uAvhl/jyfeUoFLrBwxphMX/KG6A=="],

    "@tiptap/pm": ["@tiptap/pm@3.23.5", "", { "dependencies": { "prosemirror-changeset": "^2.3.0", "prosemirror-commands": "^1.6.2", "prosemirror-dropcursor": "^1.8.1", "prosemirror-gapcursor": "^1.3.2", "prosemirror-history": "^1.4.1", "prosemirror-keymap": "^1.2.2", "prosemirror-model": "^1.24.1", "prosemirror-schema-list": "^1.5.0", "prosemirror-state": "^1.4.3", "prosemirror-tables": "^1.6.4", "prosemirror-transform": "^1.10.2", "prosemirror-view": "^1.38.1" } }, "sha512-9tgLdpTvNN0/fLP4RcNzbyQ0qjg9J2ahaFbQzgV5uvd+QMy8Xkg2IqKKnOoJJUAV3FDjGq3Yx0WrV2BGro9pfw=="],

    "@tiptap/react": ["@tiptap/react@3.23.5", "", { "dependencies": { "@types/use-sync-external-store": "^0.0.6", "fast-equals": "^5.3.3", "use-sync-external-store": "^1.4.0" }, "optionalDependencies": { "@tiptap/extension-bubble-menu": "^3.23.5", "@tiptap/extension-floating-menu": "^3.23.5" }, "peerDependencies": { "@tiptap/core": "3.23.5", "@tiptap/pm": "3.23.5", "@types/react": "^17.0.0 || ^18.0.0 || ^19.0.0", "@types/react-dom": "^17.0.0 || ^18.0.0 || ^19.0.0", "react": "^17.0.0 || ^18.0.0 || ^19.0.0", "react-dom": "^17.0.0 || ^18.0.0 || ^19.0.0" } }, "sha512-aEdKfJxoa6tCEV4FrnBqMQoUPwGcTWLaDzmP4fL1gR7E40rYDTiYNKoF1Ob+UimUpguAP6Emv1WlJa5oyI8FSw=="],

    "@tiptap/starter-kit": ["@tiptap/starter-kit@3.23.5", "", { "dependencies": { "@tiptap/core": "^3.23.5", "@tiptap/extension-blockquote": "^3.23.5", "@tiptap/extension-bold": "^3.23.5", "@tiptap/extension-bullet-list": "^3.23.5", "@tiptap/extension-code": "^3.23.5", "@tiptap/extension-code-block": "^3.23.5", "@tiptap/extension-document": "^3.23.5", "@tiptap/extension-dropcursor": "^3.23.5", "@tiptap/extension-gapcursor": "^3.23.5", "@tiptap/extension-hard-break": "^3.23.5", "@tiptap/extension-heading": "^3.23.5", "@tiptap/extension-horizontal-rule": "^3.23.5", "@tiptap/extension-italic": "^3.23.5", "@tiptap/extension-link": "^3.23.5", "@tiptap/extension-list": "^3.23.5", "@tiptap/extension-list-item": "^3.23.5", "@tiptap/extension-list-keymap": "^3.23.5", "@tiptap/extension-ordered-list": "^3.23.5", "@tiptap/extension-paragraph": "^3.23.5", "@tiptap/extension-strike": "^3.23.5", "@tiptap/extension-text": "^3.23.5", "@tiptap/extension-underline": "^3.23.5", "@tiptap/extensions": "^3.23.5", "@tiptap/pm": "^3.23.5" } }, "sha512-ac0edQ1a1nYkNAzOgdqIBKGdrOlNQpPP9wGAG3Q9EgTq4+C4/EftJZZJmUn3KzaSOUv4cLEDo0z0jurJvZPkaw=="],

    "@tybys/wasm-util": ["@tybys/wasm-util@0.10.2", "", { "dependencies": { "tslib": "^2.4.0" } }, "sha512-RoBvJ2X0wuKlWFIjrwffGw1IqZHKQqzIchKaadZZfnNpsAYp2mM0h36JtPCjNDAHGgYez/15uMBpfGwchhiMgg=="],

    "@types/react": ["@types/react@19.2.14", "", { "dependencies": { "csstype": "^3.2.2" } }, "sha512-ilcTH/UniCkMdtexkoCN0bI7pMcJDvmQFPvuPvmEaYA/NSfFTAgdUSLAoVjaRJm7+6PvcM+q1zYOwS4wTYMF9w=="],

    "@types/react-dom": ["@types/react-dom@19.2.3", "", { "peerDependencies": { "@types/react": "^19.2.0" } }, "sha512-jp2L/eY6fn+KgVVQAOqYItbF0VY/YApe5Mz2F0aykSO8gx31bYCZyvSeYxCHKvzHG5eZjc+zyaS5BrBWya2+kQ=="],

    "@types/use-sync-external-store": ["@types/use-sync-external-store@0.0.6", "", {}, "sha512-zFDAD+tlpf2r4asuHEj0XH6pY6i0g5NeAHPn+15wk3BV6JA69eERFXC1gyGThDkVa1zCyKr5jox1+2LbV/AMLg=="],

    "@vitejs/plugin-react": ["@vitejs/plugin-react@6.0.2", "", { "dependencies": { "@rolldown/pluginutils": "^1.0.0" }, "peerDependencies": { "@rolldown/plugin-babel": "^0.1.7 || ^0.2.0", "babel-plugin-react-compiler": "^1.0.0", "vite": "^8.0.0" }, "optionalPeers": ["@rolldown/plugin-babel", "babel-plugin-react-compiler"] }, "sha512-DlSMqo4WhThw4vB8Mpn0Woe9J+Jfq1geJ61AKW0QEgLzGMNwtIMdxbDUzLxcun8W7NbJO0e2Jg/Nxm3cCSVzzg=="],

    "csstype": ["csstype@3.2.3", "", {}, "sha512-z1HGKcYy2xA8AGQfwrn0PAy+PB7X/GSj3UVJW9qKyn43xWa+gl5nXmU4qqLMRzWVLFC8KusUX8T/0kCiOYpAIQ=="],

    "detect-libc": ["detect-libc@2.1.2", "", {}, "sha512-Btj2BOOO83o3WyH59e8MgXsxEQVcarkUOpEYrubB0urwnN10yQ364rsiByU11nZlqWYZm05i/of7io4mzihBtQ=="],

    "fast-equals": ["fast-equals@5.4.0", "", {}, "sha512-jt2DW/aNFNwke7AUd+Z+e6pz39KO5rzdbbFCg2sGafS4mk13MI7Z8O5z9cADNn5lhGODIgLwug6TZO2ctf7kcw=="],

    "fdir": ["fdir@6.5.0", "", { "peerDependencies": { "picomatch": "^3 || ^4" }, "optionalPeers": ["picomatch"] }, "sha512-tIbYtZbucOs0BRGqPJkshJUYdL+SDH7dVM8gjy+ERp3WAUjLEFJE+02kanyHtwjWOnwrKYBiwAmM0p4kLJAnXg=="],

    "fsevents": ["fsevents@2.3.3", "", { "os": "darwin" }, "sha512-5xoDfX+fL7faATnagmWPpbFtwh/R77WmMMqqHGS65C3vvB0YHrgF+B1YmZ3441tMj5n63k0212XNoJwzlhffQw=="],

    "lightningcss": ["lightningcss@1.32.0", "", { "dependencies": { "detect-libc": "^2.0.3" }, "optionalDependencies": { "lightningcss-android-arm64": "1.32.0", "lightningcss-darwin-arm64": "1.32.0", "lightningcss-darwin-x64": "1.32.0", "lightningcss-freebsd-x64": "1.32.0", "lightningcss-linux-arm-gnueabihf": "1.32.0", "lightningcss-linux-arm64-gnu": "1.32.0", "lightningcss-linux-arm64-musl": "1.32.0", "lightningcss-linux-x64-gnu": "1.32.0", "lightningcss-linux-x64-musl": "1.32.0", "lightningcss-win32-arm64-msvc": "1.32.0", "lightningcss-win32-x64-msvc": "1.32.0" } }, "sha512-NXYBzinNrblfraPGyrbPoD19C1h9lfI/1mzgWYvXUTe414Gz/X1FD2XBZSZM7rRTrMA8JL3OtAaGifrIKhQ5yQ=="],

    "lightningcss-android-arm64": ["lightningcss-android-arm64@1.32.0", "", { "os": "android", "cpu": "arm64" }, "sha512-YK7/ClTt4kAK0vo6w3X+Pnm0D2cf2vPHbhOXdoNti1Ga0al1P4TBZhwjATvjNwLEBCnKvjJc2jQgHXH0NEwlAg=="],

    "lightningcss-darwin-arm64": ["lightningcss-darwin-arm64@1.32.0", "", { "os": "darwin", "cpu": "arm64" }, "sha512-RzeG9Ju5bag2Bv1/lwlVJvBE3q6TtXskdZLLCyfg5pt+HLz9BqlICO7LZM7VHNTTn/5PRhHFBSjk5lc4cmscPQ=="],

    "lightningcss-darwin-x64": ["lightningcss-darwin-x64@1.32.0", "", { "os": "darwin", "cpu": "x64" }, "sha512-U+QsBp2m/s2wqpUYT/6wnlagdZbtZdndSmut/NJqlCcMLTWp5muCrID+K5UJ6jqD2BFshejCYXniPDbNh73V8w=="],

    "lightningcss-freebsd-x64": ["lightningcss-freebsd-x64@1.32.0", "", { "os": "freebsd", "cpu": "x64" }, "sha512-JCTigedEksZk3tHTTthnMdVfGf61Fky8Ji2E4YjUTEQX14xiy/lTzXnu1vwiZe3bYe0q+SpsSH/CTeDXK6WHig=="],

    "lightningcss-linux-arm-gnueabihf": ["lightningcss-linux-arm-gnueabihf@1.32.0", "", { "os": "linux", "cpu": "arm" }, "sha512-x6rnnpRa2GL0zQOkt6rts3YDPzduLpWvwAF6EMhXFVZXD4tPrBkEFqzGowzCsIWsPjqSK+tyNEODUBXeeVHSkw=="],

    "lightningcss-linux-arm64-gnu": ["lightningcss-linux-arm64-gnu@1.32.0", "", { "os": "linux", "cpu": "arm64" }, "sha512-0nnMyoyOLRJXfbMOilaSRcLH3Jw5z9HDNGfT/gwCPgaDjnx0i8w7vBzFLFR1f6CMLKF8gVbebmkUN3fa/kQJpQ=="],

    "lightningcss-linux-arm64-musl": ["lightningcss-linux-arm64-musl@1.32.0", "", { "os": "linux", "cpu": "arm64" }, "sha512-UpQkoenr4UJEzgVIYpI80lDFvRmPVg6oqboNHfoH4CQIfNA+HOrZ7Mo7KZP02dC6LjghPQJeBsvXhJod/wnIBg=="],

    "lightningcss-linux-x64-gnu": ["lightningcss-linux-x64-gnu@1.32.0", "", { "os": "linux", "cpu": "x64" }, "sha512-V7Qr52IhZmdKPVr+Vtw8o+WLsQJYCTd8loIfpDaMRWGUZfBOYEJeyJIkqGIDMZPwPx24pUMfwSxxI8phr/MbOA=="],

    "lightningcss-linux-x64-musl": ["lightningcss-linux-x64-musl@1.32.0", "", { "os": "linux", "cpu": "x64" }, "sha512-bYcLp+Vb0awsiXg/80uCRezCYHNg1/l3mt0gzHnWV9XP1W5sKa5/TCdGWaR/zBM2PeF/HbsQv/j2URNOiVuxWg=="],

    "lightningcss-win32-arm64-msvc": ["lightningcss-win32-arm64-msvc@1.32.0", "", { "os": "win32", "cpu": "arm64" }, "sha512-8SbC8BR40pS6baCM8sbtYDSwEVQd4JlFTOlaD3gWGHfThTcABnNDBda6eTZeqbofalIJhFx0qKzgHJmcPTnGdw=="],

    "lightningcss-win32-x64-msvc": ["lightningcss-win32-x64-msvc@1.32.0", "", { "os": "win32", "cpu": "x64" }, "sha512-Amq9B/SoZYdDi1kFrojnoqPLxYhQ4Wo5XiL8EVJrVsB8ARoC1PWW6VGtT0WKCemjy8aC+louJnjS7U18x3b06Q=="],

    "linkifyjs": ["linkifyjs@4.3.3", "", {}, "sha512-P8aEP5U/D1/IlTY2OeYsErdwh9bGuLE30NcXtKEjgdHcahveQoQwM2yZNsioQHsWFz0P7KKudisbrzCgR0sDHg=="],

    "nanoid": ["nanoid@3.3.12", "", { "bin": { "nanoid": "bin/nanoid.cjs" } }, "sha512-ZB9RH/39qpq5Vu6Y+NmUaFhQR6pp+M2Xt76XBnEwDaGcVAqhlvxrl3B2bKS5D3NH3QR76v3aSrKaF/Kiy7lEtQ=="],

    "orderedmap": ["orderedmap@2.1.1", "", {}, "sha512-TvAWxi0nDe1j/rtMcWcIj94+Ffe6n7zhow33h40SKxmsmozs6dz/e+EajymfoFcHd7sxNn8yHM8839uixMOV6g=="],

    "picocolors": ["picocolors@1.1.1", "", {}, "sha512-xceH2snhtb5M9liqDsmEw56le376mTZkEX/jEb/RxNFyegNul7eNslCXP9FDj/Lcu0X8KEyMceP2ntpaHrDEVA=="],

    "picomatch": ["picomatch@4.0.4", "", {}, "sha512-QP88BAKvMam/3NxH6vj2o21R6MjxZUAd6nlwAS/pnGvN9IVLocLHxGYIzFhg6fUQ+5th6P4dv4eW9jX3DSIj7A=="],

    "postcss": ["postcss@8.5.14", "", { "dependencies": { "nanoid": "^3.3.11", "picocolors": "^1.1.1", "source-map-js": "^1.2.1" } }, "sha512-SoSL4+OSEtR99LHFZQiJLkT59C5B1amGO1NzTwj7TT1qCUgUO6hxOvzkOYxD+vMrXBM3XJIKzokoERdqQq/Zmg=="],

    "prosemirror-changeset": ["prosemirror-changeset@2.4.1", "", { "dependencies": { "prosemirror-transform": "^1.0.0" } }, "sha512-96WBLhOaYhJ+kPhLg3uW359Tz6I/MfcrQfL4EGv4SrcqKEMC1gmoGrXHecPE8eOwTVCJ4IwgfzM8fFad25wNfw=="],

    "prosemirror-commands": ["prosemirror-commands@1.7.1", "", { "dependencies": { "prosemirror-model": "^1.0.0", "prosemirror-state": "^1.0.0", "prosemirror-transform": "^1.10.2" } }, "sha512-rT7qZnQtx5c0/y/KlYaGvtG411S97UaL6gdp6RIZ23DLHanMYLyfGBV5DtSnZdthQql7W+lEVbpSfwtO8T+L2w=="],

    "prosemirror-dropcursor": ["prosemirror-dropcursor@1.8.2", "", { "dependencies": { "prosemirror-state": "^1.0.0", "prosemirror-transform": "^1.1.0", "prosemirror-view": "^1.1.0" } }, "sha512-CCk6Gyx9+Tt2sbYk5NK0nB1ukHi2ryaRgadV/LvyNuO3ena1payM2z6Cg0vO1ebK8cxbzo41ku2DE5Axj1Zuiw=="],

    "prosemirror-gapcursor": ["prosemirror-gapcursor@1.4.1", "", { "dependencies": { "prosemirror-keymap": "^1.0.0", "prosemirror-model": "^1.0.0", "prosemirror-state": "^1.0.0", "prosemirror-view": "^1.0.0" } }, "sha512-pMdYaEnjNMSwl11yjEGtgTmLkR08m/Vl+Jj443167p9eB3HVQKhYCc4gmHVDsLPODfZfjr/MmirsdyZziXbQKw=="],

    "prosemirror-history": ["prosemirror-history@1.5.0", "", { "dependencies": { "prosemirror-state": "^1.2.2", "prosemirror-transform": "^1.0.0", "prosemirror-view": "^1.31.0", "rope-sequence": "^1.3.0" } }, "sha512-zlzTiH01eKA55UAf1MEjtssJeHnGxO0j4K4Dpx+gnmX9n+SHNlDqI2oO1Kv1iPN5B1dm5fsljCfqKF9nFL6HRg=="],

    "prosemirror-keymap": ["prosemirror-keymap@1.2.3", "", { "dependencies": { "prosemirror-state": "^1.0.0", "w3c-keyname": "^2.2.0" } }, "sha512-4HucRlpiLd1IPQQXNqeo81BGtkY8Ai5smHhKW9jjPKRc2wQIxksg7Hl1tTI2IfT2B/LgX6bfYvXxEpJl7aKYKw=="],

    "prosemirror-model": ["prosemirror-model@1.25.7", "", { "dependencies": { "orderedmap": "^2.0.0" } }, "sha512-A79aN8QEFUwI6cax8Yq4Rpcx1TJZ3Kagn+ii7qLo4/V8H3mMiHrhFyhTyHHvpSnOgMPpWiDGSwM3etwrxE50ug=="],

    "prosemirror-schema-list": ["prosemirror-schema-list@1.5.1", "", { "dependencies": { "prosemirror-model": "^1.0.0", "prosemirror-state": "^1.0.0", "prosemirror-transform": "^1.7.3" } }, "sha512-927lFx/uwyQaGwJxLWCZRkjXG0p48KpMj6ueoYiu4JX05GGuGcgzAy62dfiV8eFZftgyBUvLx76RsMe20fJl+Q=="],

    "prosemirror-state": ["prosemirror-state@1.4.4", "", { "dependencies": { "prosemirror-model": "^1.0.0", "prosemirror-transform": "^1.0.0", "prosemirror-view": "^1.27.0" } }, "sha512-6jiYHH2CIGbCfnxdHbXZ12gySFY/fz/ulZE333G6bPqIZ4F+TXo9ifiR86nAHpWnfoNjOb3o5ESi7J8Uz1jXHw=="],

    "prosemirror-tables": ["prosemirror-tables@1.8.5", "", { "dependencies": { "prosemirror-keymap": "^1.2.3", "prosemirror-model": "^1.25.4", "prosemirror-state": "^1.4.4", "prosemirror-transform": "^1.10.5", "prosemirror-view": "^1.41.4" } }, "sha512-V/0cDCsHKHe/tfWkeCmthNUcEp1IVO3p6vwN8XtwE9PZQLAZJigbw3QoraAdfJPir4NKJtNvOB8oYGKRl+t0Dw=="],

    "prosemirror-transform": ["prosemirror-transform@1.12.0", "", { "dependencies": { "prosemirror-model": "^1.21.0" } }, "sha512-GxboyN4AMIsoHNtz5uf2r2Ru551i5hWeCMD6E2Ib4Eogqoub0NflniaBPVQ4MrGE5yZ8JV9tUHg9qcZTTrcN4w=="],

    "prosemirror-view": ["prosemirror-view@1.41.8", "", { "dependencies": { "prosemirror-model": "^1.20.0", "prosemirror-state": "^1.0.0", "prosemirror-transform": "^1.1.0" } }, "sha512-TnKDdohEatgyZNGCDWIdccOHXhYloJwbwU+phw/a23KBvJIR9lWQWW7WHHK3vBdOLDNuF7TaX98GObUZOWkOnA=="],

    "react": ["react@19.2.6", "", {}, "sha512-sfWGGfavi0xr8Pg0sVsyHMAOziVYKgPLNrS7ig+ivMNb3wbCBw3KxtflsGBAwD3gYQlE/AEZsTLgToRrSCjb0Q=="],

    "react-dom": ["react-dom@19.2.6", "", { "dependencies": { "scheduler": "^0.27.0" }, "peerDependencies": { "react": "^19.2.6" } }, "sha512-0prMI+hvBbPjsWnxDLxlCGyM8PN6UuWjEUCYmZhO67xIV9Xasa/r/vDnq+Xyq4Lo27g8QSbO5YzARu0D1Sps3g=="],

    "rolldown": ["rolldown@1.0.1", "", { "dependencies": { "@oxc-project/types": "=0.130.0", "@rolldown/pluginutils": "^1.0.0" }, "optionalDependencies": { "@rolldown/binding-android-arm64": "1.0.1", "@rolldown/binding-darwin-arm64": "1.0.1", "@rolldown/binding-darwin-x64": "1.0.1", "@rolldown/binding-freebsd-x64": "1.0.1", "@rolldown/binding-linux-arm-gnueabihf": "1.0.1", "@rolldown/binding-linux-arm64-gnu": "1.0.1", "@rolldown/binding-linux-arm64-musl": "1.0.1", "@rolldown/binding-linux-ppc64-gnu": "1.0.1", "@rolldown/binding-linux-s390x-gnu": "1.0.1", "@rolldown/binding-linux-x64-gnu": "1.0.1", "@rolldown/binding-linux-x64-musl": "1.0.1", "@rolldown/binding-openharmony-arm64": "1.0.1", "@rolldown/binding-wasm32-wasi": "1.0.1", "@rolldown/binding-win32-arm64-msvc": "1.0.1", "@rolldown/binding-win32-x64-msvc": "1.0.1" }, "bin": { "rolldown": "bin/cli.mjs" } }, "sha512-X0KQHljNnEkWNqqiz9zJrGunh1B0HgOxLXvnFpCOcadzcy5qohZ3tqMEUg00vncoRovXuK3ZqCT9KnnKzoInFQ=="],

    "rope-sequence": ["rope-sequence@1.3.4", "", {}, "sha512-UT5EDe2cu2E/6O4igUr5PSFs23nvvukicWHx6GnOPlHAiiYbzNuCRQCuiUdHJQcqKalLKlrYJnjY0ySGsXNQXQ=="],

    "scheduler": ["scheduler@0.27.0", "", {}, "sha512-eNv+WrVbKu1f3vbYJT/xtiF5syA5HPIMtf9IgY/nKg0sWqzAUEvqY/xm7OcZc/qafLx/iO9FgOmeSAp4v5ti/Q=="],

    "source-map-js": ["source-map-js@1.2.1", "", {}, "sha512-UXWMKhLOwVKb728IUtQPXxfYU+usdybtUrK/8uGE8CQMvrhOpwvzDBwj0QhSL7MQc7vIsISBG8VQ8+IDQxpfQA=="],

    "tinyglobby": ["tinyglobby@0.2.16", "", { "dependencies": { "fdir": "^6.5.0", "picomatch": "^4.0.4" } }, "sha512-pn99VhoACYR8nFHhxqix+uvsbXineAasWm5ojXoN8xEwK5Kd3/TrhNn1wByuD52UxWRLy8pu+kRMniEi6Eq9Zg=="],

    "tslib": ["tslib@2.8.1", "", {}, "sha512-oJFu94HQb+KVduSUQL7wnpmqnfmLsOA/nAh6b6EH0wCEoK0/mPeXU6c3wKDV83MkOuHPRHtSXKKU99IBazS/2w=="],

    "typescript": ["typescript@6.0.3", "", { "bin": { "tsc": "bin/tsc", "tsserver": "bin/tsserver" } }, "sha512-y2TvuxSZPDyQakkFRPZHKFm+KKVqIisdg9/CZwm9ftvKXLP8NRWj38/ODjNbr43SsoXqNuAisEf1GdCxqWcdBw=="],

    "use-sync-external-store": ["use-sync-external-store@1.6.0", "", { "peerDependencies": { "react": "^16.8.0 || ^17.0.0 || ^18.0.0 || ^19.0.0" } }, "sha512-Pp6GSwGP/NrPIrxVFAIkOQeyw8lFenOHijQWkUTrDvrF4ALqylP2C/KCkeS9dpUM3KvYRQhna5vt7IL95+ZQ9w=="],

    "vite": ["vite@8.0.13", "", { "dependencies": { "lightningcss": "^1.32.0", "picomatch": "^4.0.4", "postcss": "^8.5.14", "rolldown": "1.0.1", "tinyglobby": "^0.2.16" }, "optionalDependencies": { "fsevents": "~2.3.3" }, "peerDependencies": { "@types/node": "^20.19.0 || >=22.12.0", "@vitejs/devtools": "^0.1.18", "esbuild": "^0.27.0 || ^0.28.0", "jiti": ">=1.21.0", "less": "^4.0.0", "sass": "^1.70.0", "sass-embedded": "^1.70.0", "stylus": ">=0.54.8", "sugarss": "^5.0.0", "terser": "^5.16.0", "tsx": "^4.8.1", "yaml": "^2.4.2" }, "optionalPeers": ["@types/node", "@vitejs/devtools", "esbuild", "jiti", "less", "sass", "sass-embedded", "stylus", "sugarss", "terser", "tsx", "yaml"], "bin": { "vite": "bin/vite.js" } }, "sha512-MFtjBYgzmSxmgA4RAfjIyXWpGe1oALnjgUTzzV7QLx/TKxCzjtMH6Fd9/eVK+5Fg1qNoz5VAwsmMs/NofrmJvw=="],

    "w3c-keyname": ["w3c-keyname@2.2.8", "", {}, "sha512-dpojBhNsCNN7T82Tm7k26A6G9ML3NkhDsnw9n/eoxSRlVBB4CEtIQ/KTCLI2Fwf3ataSXRhYFkQi3SlnFwPvPQ=="],
  }
}
